
Microsoft Visual Studio Solution File, Format Version 12.00
# Visual Studio Version 17
VisualStudioVersion = 17.14.36301.6 d17.14
MinimumVisualStudioVersion = 10.0.40219.1
Project("{FAE04EC0-301F-11D3-BF4B-00C04F79EFBC}") = "SistemaAcademico1", "SistemaAcademico1\SistemaAcademico1.csproj", "{AE37C29F-8C14-4C8B-A17A-BC2C60286444}"
EndProject
Global
	GlobalSection(SolutionConfigurationPlatforms) = preSolution
		Debug|Any CPU = Debug|Any CPU
		Release|Any CPU = Release|Any CPU
	EndGlobalSection
	GlobalSection(ProjectConfigurationPlatforms) = postSolution
		{AE37C29F-8C14-4C8B-A17A-BC2C60286444}.Debug|Any CPU.ActiveCfg = Debug|Any CPU
		{AE37C29F-8C14-4C8B-A17A-BC2C60286444}.Debug|Any CPU.Build.0 = Debug|Any CPU
		{AE37C29F-8C14-4C8B-A17A-BC2C60286444}.Release|Any CPU.ActiveCfg = Release|Any CPU
		{AE37C29F-8C14-4C8B-A17A-BC2C60286444}.Release|Any CPU.Build.0 = Release|Any CPU
	EndGlobalSection
	GlobalSection(SolutionProperties) = preSolution
		HideSolutionNode = FALSE
	EndGlobalSection
	GlobalSection(ExtensibilityGlobals) = postSolution
		SolutionGuid = {607D39B9-EB37-40BE-A73C-F9F4F2656104}
	EndGlobalSection
EndGlobal
